
Microsoft Visual Studio Solution File, Format Version 12.00
# Visual Studio Version 17
VisualStudioVersion = 17.4.33122.133
MinimumVisualStudioVersion = 10.0.40219.1
Project("{2150E333-8FDC-42A3-9474-1A3956D46DE8}") = "Src", "Src", "{52F82748-337B-4536-AA25-82ABEE27A15C}"
EndProject
Project("{2150E333-8FDC-42A3-9474-1A3956D46DE8}") = "Test", "Test", "{8A69FE54-CF99-410F-A19E-7240B4723757}"
EndProject
Project("{2150E333-8FDC-42A3-9474-1A3956D46DE8}") = "Doc", "Doc", "{4DED5FA1-4734-4D0F-9E48-9302BEB37EAF}"
EndProject
Project("{2150E333-8FDC-42A3-9474-1A3956D46DE8}") = "Core", "Core", "{137F2280-93D0-4393-B56F-751544A44AC2}"
EndProject
Project("{9A19103F-16F7-4668-BE54-9A1E7A4F7556}") = "Application", "Application\Application.csproj", "{BBA053E2-9AE3-48BB-AD8F-F36B69888B7C}"
EndProject
Project("{9A19103F-16F7-4668-BE54-9A1E7A4F7556}") = "Domain", "Domain\Domain.csproj", "{2890A1F2-DD28-4781-9C94-A934F3FCFBE6}"
EndProject
Project("{2150E333-8FDC-42A3-9474-1A3956D46DE8}") = "Infrastructures", "Infrastructures", "{C83245F5-CD43-4032-B6BC-B55C13EE48B3}"
EndProject
Project("{2150E333-8FDC-42A3-9474-1A3956D46DE8}") = "Presentation", "Presentation", "{952BFFBF-4372-4AA2-9BDE-9C7A90A7EDC7}"
EndProject
Project("{9A19103F-16F7-4668-BE54-9A1E7A4F7556}") = "Persistence", "Persistence\Persistence.csproj", "{2D4FB7A8-10BE-4D8A-A3BF-B0AEA2F8F42A}"
EndProject
Project("{9A19103F-16F7-4668-BE54-9A1E7A4F7556}") = "Infrastructure", "Infrastructure\Infrastructure.csproj", "{13974946-CE18-4E42-AF2F-3D0C9BDA1196}"
EndProject
Project("{9A19103F-16F7-4668-BE54-9A1E7A4F7556}") = "WebSite", "WebSite\WebSite.csproj", "{31E3956F-A12A-40AF-A056-63C149C151BA}"
EndProject
Project("{9A19103F-16F7-4668-BE54-9A1E7A4F7556}") = "Application.test", "Application.test\Application.test.csproj", "{5AAC7EFA-54D4-424A-A12C-DE08983110B0}"
EndProject
Global
	GlobalSection(SolutionConfigurationPlatforms) = preSolution
		Debug|Any CPU = Debug|Any CPU
		Release|Any CPU = Release|Any CPU
	EndGlobalSection
	GlobalSection(ProjectConfigurationPlatforms) = postSolution
		{BBA053E2-9AE3-48BB-AD8F-F36B69888B7C}.Debug|Any CPU.ActiveCfg = Debug|Any CPU
		{BBA053E2-9AE3-48BB-AD8F-F36B69888B7C}.Debug|Any CPU.Build.0 = Debug|Any CPU
		{BBA053E2-9AE3-48BB-AD8F-F36B69888B7C}.Release|Any CPU.ActiveCfg = Release|Any CPU
		{BBA053E2-9AE3-48BB-AD8F-F36B69888B7C}.Release|Any CPU.Build.0 = Release|Any CPU
		{2890A1F2-DD28-4781-9C94-A934F3FCFBE6}.Debug|Any CPU.ActiveCfg = Debug|Any CPU
		{2890A1F2-DD28-4781-9C94-A934F3FCFBE6}.Debug|Any CPU.Build.0 = Debug|Any CPU
		{2890A1F2-DD28-4781-9C94-A934F3FCFBE6}.Release|Any CPU.ActiveCfg = Release|Any CPU
		{2890A1F2-DD28-4781-9C94-A934F3FCFBE6}.Release|Any CPU.Build.0 = Release|Any CPU
		{2D4FB7A8-10BE-4D8A-A3BF-B0AEA2F8F42A}.Debug|Any CPU.ActiveCfg = Debug|Any CPU
		{2D4FB7A8-10BE-4D8A-A3BF-B0AEA2F8F42A}.Debug|Any CPU.Build.0 = Debug|Any CPU
		{2D4FB7A8-10BE-4D8A-A3BF-B0AEA2F8F42A}.Release|Any CPU.ActiveCfg = Release|Any CPU
		{2D4FB7A8-10BE-4D8A-A3BF-B0AEA2F8F42A}.Release|Any CPU.Build.0 = Release|Any CPU
		{13974946-CE18-4E42-AF2F-3D0C9BDA1196}.Debug|Any CPU.ActiveCfg = Debug|Any CPU
		{13974946-CE18-4E42-AF2F-3D0C9BDA1196}.Debug|Any CPU.Build.0 = Debug|Any CPU
		{13974946-CE18-4E42-AF2F-3D0C9BDA1196}.Release|Any CPU.ActiveCfg = Release|Any CPU
		{13974946-CE18-4E42-AF2F-3D0C9BDA1196}.Release|Any CPU.Build.0 = Release|Any CPU
		{31E3956F-A12A-40AF-A056-63C149C151BA}.Debug|Any CPU.ActiveCfg = Debug|Any CPU
		{31E3956F-A12A-40AF-A056-63C149C151BA}.Debug|Any CPU.Build.0 = Debug|Any CPU
		{31E3956F-A12A-40AF-A056-63C149C151BA}.Release|Any CPU.ActiveCfg = Release|Any CPU
		{31E3956F-A12A-40AF-A056-63C149C151BA}.Release|Any CPU.Build.0 = Release|Any CPU
		{5AAC7EFA-54D4-424A-A12C-DE08983110B0}.Debug|Any CPU.ActiveCfg = Debug|Any CPU
		{5AAC7EFA-54D4-424A-A12C-DE08983110B0}.Debug|Any CPU.Build.0 = Debug|Any CPU
		{5AAC7EFA-54D4-424A-A12C-DE08983110B0}.Release|Any CPU.ActiveCfg = Release|Any CPU
		{5AAC7EFA-54D4-424A-A12C-DE08983110B0}.Release|Any CPU.Build.0 = Release|Any CPU
	EndGlobalSection
	GlobalSection(SolutionProperties) = preSolution
		HideSolutionNode = FALSE
	EndGlobalSection
	GlobalSection(NestedProjects) = preSolution
		{137F2280-93D0-4393-B56F-751544A44AC2} = {52F82748-337B-4536-AA25-82ABEE27A15C}
		{BBA053E2-9AE3-48BB-AD8F-F36B69888B7C} = {137F2280-93D0-4393-B56F-751544A44AC2}
		{2890A1F2-DD28-4781-9C94-A934F3FCFBE6} = {137F2280-93D0-4393-B56F-751544A44AC2}
		{C83245F5-CD43-4032-B6BC-B55C13EE48B3} = {52F82748-337B-4536-AA25-82ABEE27A15C}
		{952BFFBF-4372-4AA2-9BDE-9C7A90A7EDC7} = {52F82748-337B-4536-AA25-82ABEE27A15C}
		{2D4FB7A8-10BE-4D8A-A3BF-B0AEA2F8F42A} = {C83245F5-CD43-4032-B6BC-B55C13EE48B3}
		{13974946-CE18-4E42-AF2F-3D0C9BDA1196} = {C83245F5-CD43-4032-B6BC-B55C13EE48B3}
		{31E3956F-A12A-40AF-A056-63C149C151BA} = {952BFFBF-4372-4AA2-9BDE-9C7A90A7EDC7}
		{5AAC7EFA-54D4-424A-A12C-DE08983110B0} = {8A69FE54-CF99-410F-A19E-7240B4723757}
	EndGlobalSection
	GlobalSection(ExtensibilityGlobals) = postSolution
		SolutionGuid = {25D21604-784A-4B57-8FD8-65A805482248}
	EndGlobalSection
EndGlobal
